
Microsoft Visual Studio Solution File, Format Version 12.00
# Visual Studio Version 16
VisualStudioVersion = 16.0.30804.86
MinimumVisualStudioVersion = 10.0.40219.1
Project("{FAE04EC0-301F-11D3-BF4B-00C04F79EFBC}") = "WaterReminder", "WaterReminder\WaterReminder.csproj", "{0D2DD4AA-2035-4032-AC87-36B1A45E1CEC}"
EndProject
Global
	GlobalSection(SolutionConfigurationPlatforms) = preSolution
		Debug|Any CPU = Debug|Any CPU
		Release|Any CPU = Release|Any CPU
	EndGlobalSection
	GlobalSection(ProjectConfigurationPlatforms) = postSolution
		{0D2DD4AA-2035-4032-AC87-36B1A45E1CEC}.Debug|Any CPU.ActiveCfg = Debug|Any CPU
		{0D2DD4AA-2035-4032-AC87-36B1A45E1CEC}.Debug|Any CPU.Build.0 = Debug|Any CPU
		{0D2DD4AA-2035-4032-AC87-36B1A45E1CEC}.Release|Any CPU.ActiveCfg = Release|Any CPU
		{0D2DD4AA-2035-4032-AC87-36B1A45E1CEC}.Release|Any CPU.Build.0 = Release|Any CPU
	EndGlobalSection
	GlobalSection(SolutionProperties) = preSolution
		HideSolutionNode = FALSE
	EndGlobalSection
	GlobalSection(ExtensibilityGlobals) = postSolution
		SolutionGuid = {CBC0E694-FED1-4F5D-A42D-2989E64E9606}
	EndGlobalSection
EndGlobal
